
Microsoft Visual Studio Solution File, Format Version 12.00
# Visual Studio 15
VisualStudioVersion = 15.0.27004.2008
MinimumVisualStudioVersion = 10.0.40219.1
Project("{FAE04EC0-301F-11D3-BF4B-00C04F79EFBC}") = "Capitulo01.Variaveis", "Capitulo01.Variaveis\Capitulo01.Variaveis.csproj", "{3C1D320D-84E8-4406-872B-F480AAD64D4A}"
EndProject
Project("{FAE04EC0-301F-11D3-BF4B-00C04F79EFBC}") = "Capitulo01.Troco", "Capitulo01.Troco\Capitulo01.Troco.csproj", "{3CE8C7C7-857D-4416-B1A0-83D24C12F67A}"
EndProject
Project("{FAE04EC0-301F-11D3-BF4B-00C04F79EFBC}") = "Capitulo02.Fretes", "Capitulo02.Fretes\Capitulo02.Fretes.csproj", "{A2F4274C-A0F2-4758-B155-1093F79DDDB1}"
EndProject
Project("{FAE04EC0-301F-11D3-BF4B-00C04F79EFBC}") = "Capitulo02.Tabuada", "Capitulo02.Tabuada\Capitulo02.Tabuada.csproj", "{CA83ED60-3D45-4F92-86E6-F32433230F68}"
EndProject
Project("{FAE04EC0-301F-11D3-BF4B-00C04F79EFBC}") = "Capitulo02.Repeticao.Testes", "Capitulo02.Repeticao.Testes\Capitulo02.Repeticao.Testes.csproj", "{6F1EBE61-AF57-424C-B2C2-77FB2DF62528}"
EndProject
Project("{FAE04EC0-301F-11D3-BF4B-00C04F79EFBC}") = "Oficina.Dominio", "Oficina.Dominio\Oficina.Dominio.csproj", "{5443D6A6-E392-4962-B1E9-5D1B69102AE4}"
EndProject
Project("{FAE04EC0-301F-11D3-BF4B-00C04F79EFBC}") = "Oficina.Repositorios.SistemaArquivos", "Oficina.Repositorios.SistemaArquivos\Oficina.Repositorios.SistemaArquivos.csproj", "{63D3A0B2-CCF1-4D51-8607-9C0AFEE2E311}"
EndProject
Project("{FAE04EC0-301F-11D3-BF4B-00C04F79EFBC}") = "Oficina.Repositorios.SistemaArquivosTests", "Oficina.Repositorios.SistemaArquivosTests\Oficina.Repositorios.SistemaArquivosTests.csproj", "{31AB8C18-D2C0-4EF9-9793-E0BD09BDB191}"
EndProject
Global
	GlobalSection(SolutionConfigurationPlatforms) = preSolution
		Debug|Any CPU = Debug|Any CPU
		Release|Any CPU = Release|Any CPU
	EndGlobalSection
	GlobalSection(ProjectConfigurationPlatforms) = postSolution
		{3C1D320D-84E8-4406-872B-F480AAD64D4A}.Debug|Any CPU.ActiveCfg = Debug|Any CPU
		{3C1D320D-84E8-4406-872B-F480AAD64D4A}.Debug|Any CPU.Build.0 = Debug|Any CPU
		{3C1D320D-84E8-4406-872B-F480AAD64D4A}.Release|Any CPU.ActiveCfg = Release|Any CPU
		{3C1D320D-84E8-4406-872B-F480AAD64D4A}.Release|Any CPU.Build.0 = Release|Any CPU
		{3CE8C7C7-857D-4416-B1A0-83D24C12F67A}.Debug|Any CPU.ActiveCfg = Debug|Any CPU
		{3CE8C7C7-857D-4416-B1A0-83D24C12F67A}.Debug|Any CPU.Build.0 = Debug|Any CPU
		{3CE8C7C7-857D-4416-B1A0-83D24C12F67A}.Release|Any CPU.ActiveCfg = Release|Any CPU
		{3CE8C7C7-857D-4416-B1A0-83D24C12F67A}.Release|Any CPU.Build.0 = Release|Any CPU
		{A2F4274C-A0F2-4758-B155-1093F79DDDB1}.Debug|Any CPU.ActiveCfg = Debug|Any CPU
		{A2F4274C-A0F2-4758-B155-1093F79DDDB1}.Debug|Any CPU.Build.0 = Debug|Any CPU
		{A2F4274C-A0F2-4758-B155-1093F79DDDB1}.Release|Any CPU.ActiveCfg = Release|Any CPU
		{A2F4274C-A0F2-4758-B155-1093F79DDDB1}.Release|Any CPU.Build.0 = Release|Any CPU
		{CA83ED60-3D45-4F92-86E6-F32433230F68}.Debug|Any CPU.ActiveCfg = Debug|Any CPU
		{CA83ED60-3D45-4F92-86E6-F32433230F68}.Debug|Any CPU.Build.0 = Debug|Any CPU
		{CA83ED60-3D45-4F92-86E6-F32433230F68}.Release|Any CPU.ActiveCfg = Release|Any CPU
		{CA83ED60-3D45-4F92-86E6-F32433230F68}.Release|Any CPU.Build.0 = Release|Any CPU
		{6F1EBE61-AF57-424C-B2C2-77FB2DF62528}.Debug|Any CPU.ActiveCfg = Debug|Any CPU
		{6F1EBE61-AF57-424C-B2C2-77FB2DF62528}.Debug|Any CPU.Build.0 = Debug|Any CPU
		{6F1EBE61-AF57-424C-B2C2-77FB2DF62528}.Release|Any CPU.ActiveCfg = Release|Any CPU
		{6F1EBE61-AF57-424C-B2C2-77FB2DF62528}.Release|Any CPU.Build.0 = Release|Any CPU
		{5443D6A6-E392-4962-B1E9-5D1B69102AE4}.Debug|Any CPU.ActiveCfg = Debug|Any CPU
		{5443D6A6-E392-4962-B1E9-5D1B69102AE4}.Debug|Any CPU.Build.0 = Debug|Any CPU
		{5443D6A6-E392-4962-B1E9-5D1B69102AE4}.Release|Any CPU.ActiveCfg = Release|Any CPU
		{5443D6A6-E392-4962-B1E9-5D1B69102AE4}.Release|Any CPU.Build.0 = Release|Any CPU
		{63D3A0B2-CCF1-4D51-8607-9C0AFEE2E311}.Debug|Any CPU.ActiveCfg = Debug|Any CPU
		{63D3A0B2-CCF1-4D51-8607-9C0AFEE2E311}.Debug|Any CPU.Build.0 = Debug|Any CPU
		{63D3A0B2-CCF1-4D51-8607-9C0AFEE2E311}.Release|Any CPU.ActiveCfg = Release|Any CPU
		{63D3A0B2-CCF1-4D51-8607-9C0AFEE2E311}.Release|Any CPU.Build.0 = Release|Any CPU
		{31AB8C18-D2C0-4EF9-9793-E0BD09BDB191}.Debug|Any CPU.ActiveCfg = Debug|Any CPU
		{31AB8C18-D2C0-4EF9-9793-E0BD09BDB191}.Debug|Any CPU.Build.0 = Debug|Any CPU
		{31AB8C18-D2C0-4EF9-9793-E0BD09BDB191}.Release|Any CPU.ActiveCfg = Release|Any CPU
		{31AB8C18-D2C0-4EF9-9793-E0BD09BDB191}.Release|Any CPU.Build.0 = Release|Any CPU
	EndGlobalSection
	GlobalSection(SolutionProperties) = preSolution
		HideSolutionNode = FALSE
	EndGlobalSection
	GlobalSection(ExtensibilityGlobals) = postSolution
		SolutionGuid = {1C420405-D1A8-4C08-B95F-4C7B76F4C9C4}
	EndGlobalSection
EndGlobal
